
Microsoft Visual Studio Solution File, Format Version 12.00
# Visual Studio Version 17
VisualStudioVersion = 17.3.32901.215
MinimumVisualStudioVersion = 10.0.40219.1
Project("{FAE04EC0-301F-11D3-BF4B-00C04F79EFBC}") = "Corely", "Corely\Corely.csproj", "{2CE991B3-CC1A-434B-A557-64C1AFC54CDF}"
EndProject
Project("{FAE04EC0-301F-11D3-BF4B-00C04F79EFBC}") = "Corely.TestConsole", "Corely.TestConsole\Corely.TestConsole.csproj", "{24557240-996A-4EFC-B649-3531A99F8D59}"
EndProject
Project("{FAE04EC0-301F-11D3-BF4B-00C04F79EFBC}") = "Corely.TestWPF", "Corely.TestWPF\Corely.TestWPF.csproj", "{E6EF869C-9997-4FE9-A8BE-E0A64DD64D58}"
EndProject
Project("{FAE04EC0-301F-11D3-BF4B-00C04F79EFBC}") = "Corely.Imaging", "Corely.Imaging\Corely.Imaging.csproj", "{5EED6861-3C30-4490-BF34-AC52C49EED16}"
EndProject
Project("{FAE04EC0-301F-11D3-BF4B-00C04F79EFBC}") = "Corely.FTP", "Corely.FTP\Corely.FTP.csproj", "{4521F34D-69CC-4E60-BAF7-1D7E6451A3E9}"
EndProject
Global
	GlobalSection(SolutionConfigurationPlatforms) = preSolution
		Debug|Any CPU = Debug|Any CPU
		Debug|x64 = Debug|x64
		Debug|x86 = Debug|x86
		Release|Any CPU = Release|Any CPU
		Release|x64 = Release|x64
		Release|x86 = Release|x86
	EndGlobalSection
	GlobalSection(ProjectConfigurationPlatforms) = postSolution
		{2CE991B3-CC1A-434B-A557-64C1AFC54CDF}.Debug|Any CPU.ActiveCfg = Debug|Any CPU
		{2CE991B3-CC1A-434B-A557-64C1AFC54CDF}.Debug|Any CPU.Build.0 = Debug|Any CPU
		{2CE991B3-CC1A-434B-A557-64C1AFC54CDF}.Debug|x64.ActiveCfg = Debug|x64
		{2CE991B3-CC1A-434B-A557-64C1AFC54CDF}.Debug|x64.Build.0 = Debug|x64
		{2CE991B3-CC1A-434B-A557-64C1AFC54CDF}.Debug|x86.ActiveCfg = Debug|Any CPU
		{2CE991B3-CC1A-434B-A557-64C1AFC54CDF}.Debug|x86.Build.0 = Debug|Any CPU
		{2CE991B3-CC1A-434B-A557-64C1AFC54CDF}.Release|Any CPU.ActiveCfg = Release|Any CPU
		{2CE991B3-CC1A-434B-A557-64C1AFC54CDF}.Release|Any CPU.Build.0 = Release|Any CPU
		{2CE991B3-CC1A-434B-A557-64C1AFC54CDF}.Release|x64.ActiveCfg = Release|x64
		{2CE991B3-CC1A-434B-A557-64C1AFC54CDF}.Release|x64.Build.0 = Release|x64
		{2CE991B3-CC1A-434B-A557-64C1AFC54CDF}.Release|x86.ActiveCfg = Release|Any CPU
		{2CE991B3-CC1A-434B-A557-64C1AFC54CDF}.Release|x86.Build.0 = Release|Any CPU
		{24557240-996A-4EFC-B649-3531A99F8D59}.Debug|Any CPU.ActiveCfg = Debug|Any CPU
		{24557240-996A-4EFC-B649-3531A99F8D59}.Debug|Any CPU.Build.0 = Debug|Any CPU
		{24557240-996A-4EFC-B649-3531A99F8D59}.Debug|x64.ActiveCfg = Debug|Any CPU
		{24557240-996A-4EFC-B649-3531A99F8D59}.Debug|x64.Build.0 = Debug|Any CPU
		{24557240-996A-4EFC-B649-3531A99F8D59}.Debug|x86.ActiveCfg = Debug|Any CPU
		{24557240-996A-4EFC-B649-3531A99F8D59}.Debug|x86.Build.0 = Debug|Any CPU
		{24557240-996A-4EFC-B649-3531A99F8D59}.Release|Any CPU.ActiveCfg = Release|Any CPU
		{24557240-996A-4EFC-B649-3531A99F8D59}.Release|Any CPU.Build.0 = Release|Any CPU
		{24557240-996A-4EFC-B649-3531A99F8D59}.Release|x64.ActiveCfg = Release|Any CPU
		{24557240-996A-4EFC-B649-3531A99F8D59}.Release|x64.Build.0 = Release|Any CPU
		{24557240-996A-4EFC-B649-3531A99F8D59}.Release|x86.ActiveCfg = Release|Any CPU
		{24557240-996A-4EFC-B649-3531A99F8D59}.Release|x86.Build.0 = Release|Any CPU
		{E6EF869C-9997-4FE9-A8BE-E0A64DD64D58}.Debug|Any CPU.ActiveCfg = Debug|Any CPU
		{E6EF869C-9997-4FE9-A8BE-E0A64DD64D58}.Debug|Any CPU.Build.0 = Debug|Any CPU
		{E6EF869C-9997-4FE9-A8BE-E0A64DD64D58}.Debug|x64.ActiveCfg = Debug|Any CPU
		{E6EF869C-9997-4FE9-A8BE-E0A64DD64D58}.Debug|x64.Build.0 = Debug|Any CPU
		{E6EF869C-9997-4FE9-A8BE-E0A64DD64D58}.Debug|x86.ActiveCfg = Debug|Any CPU
		{E6EF869C-9997-4FE9-A8BE-E0A64DD64D58}.Debug|x86.Build.0 = Debug|Any CPU
		{E6EF869C-9997-4FE9-A8BE-E0A64DD64D58}.Release|Any CPU.ActiveCfg = Release|Any CPU
		{E6EF869C-9997-4FE9-A8BE-E0A64DD64D58}.Release|Any CPU.Build.0 = Release|Any CPU
		{E6EF869C-9997-4FE9-A8BE-E0A64DD64D58}.Release|x64.ActiveCfg = Release|Any CPU
		{E6EF869C-9997-4FE9-A8BE-E0A64DD64D58}.Release|x64.Build.0 = Release|Any CPU
		{E6EF869C-9997-4FE9-A8BE-E0A64DD64D58}.Release|x86.ActiveCfg = Release|Any CPU
		{E6EF869C-9997-4FE9-A8BE-E0A64DD64D58}.Release|x86.Build.0 = Release|Any CPU
		{5EED6861-3C30-4490-BF34-AC52C49EED16}.Debug|Any CPU.ActiveCfg = Debug|Any CPU
		{5EED6861-3C30-4490-BF34-AC52C49EED16}.Debug|Any CPU.Build.0 = Debug|Any CPU
		{5EED6861-3C30-4490-BF34-AC52C49EED16}.Debug|x64.ActiveCfg = Debug|Any CPU
		{5EED6861-3C30-4490-BF34-AC52C49EED16}.Debug|x64.Build.0 = Debug|Any CPU
		{5EED6861-3C30-4490-BF34-AC52C49EED16}.Debug|x86.ActiveCfg = Debug|Any CPU
		{5EED6861-3C30-4490-BF34-AC52C49EED16}.Debug|x86.Build.0 = Debug|Any CPU
		{5EED6861-3C30-4490-BF34-AC52C49EED16}.Release|Any CPU.ActiveCfg = Release|Any CPU
		{5EED6861-3C30-4490-BF34-AC52C49EED16}.Release|Any CPU.Build.0 = Release|Any CPU
		{5EED6861-3C30-4490-BF34-AC52C49EED16}.Release|x64.ActiveCfg = Release|Any CPU
		{5EED6861-3C30-4490-BF34-AC52C49EED16}.Release|x64.Build.0 = Release|Any CPU
		{5EED6861-3C30-4490-BF34-AC52C49EED16}.Release|x86.ActiveCfg = Release|Any CPU
		{5EED6861-3C30-4490-BF34-AC52C49EED16}.Release|x86.Build.0 = Release|Any CPU
		{4521F34D-69CC-4E60-BAF7-1D7E6451A3E9}.Debug|Any CPU.ActiveCfg = Debug|Any CPU
		{4521F34D-69CC-4E60-BAF7-1D7E6451A3E9}.Debug|Any CPU.Build.0 = Debug|Any CPU
		{4521F34D-69CC-4E60-BAF7-1D7E6451A3E9}.Debug|x64.ActiveCfg = Debug|Any CPU
		{4521F34D-69CC-4E60-BAF7-1D7E6451A3E9}.Debug|x64.Build.0 = Debug|Any CPU
		{4521F34D-69CC-4E60-BAF7-1D7E6451A3E9}.Debug|x86.ActiveCfg = Debug|Any CPU
		{4521F34D-69CC-4E60-BAF7-1D7E6451A3E9}.Debug|x86.Build.0 = Debug|Any CPU
		{4521F34D-69CC-4E60-BAF7-1D7E6451A3E9}.Release|Any CPU.ActiveCfg = Release|Any CPU
		{4521F34D-69CC-4E60-BAF7-1D7E6451A3E9}.Release|Any CPU.Build.0 = Release|Any CPU
		{4521F34D-69CC-4E60-BAF7-1D7E6451A3E9}.Release|x64.ActiveCfg = Release|Any CPU
		{4521F34D-69CC-4E60-BAF7-1D7E6451A3E9}.Release|x64.Build.0 = Release|Any CPU
		{4521F34D-69CC-4E60-BAF7-1D7E6451A3E9}.Release|x86.ActiveCfg = Release|Any CPU
		{4521F34D-69CC-4E60-BAF7-1D7E6451A3E9}.Release|x86.Build.0 = Release|Any CPU
	EndGlobalSection
	GlobalSection(SolutionProperties) = preSolution
		HideSolutionNode = FALSE
	EndGlobalSection
	GlobalSection(ExtensibilityGlobals) = postSolution
		SolutionGuid = {775B0DBD-A144-49E2-A89B-D87E5703BD67}
	EndGlobalSection
EndGlobal
